{
  "pins" : [
    {
      "identity" : "torch.network",
      "kind" : "remoteSourceControl",
      "location" : "https://github.com/nonamedeveloperjj/Torch.Network.git",
      "state" : {
        "revision" : "c06e5fd4c32732a68ebb0175f4f67b6ef3bf4930",
        "version" : "2.0.0"
      }
    }
  ],
  "version" : 2
}
