{
  "pins" : [
    {
      "identity" : "torchnetwork",
      "kind" : "remoteSourceControl",
      "location" : "https://github.com/nonamedeveloperjj/TorchNetwork",
      "state" : {
        "branch" : "main",
        "revision" : "76aa159344f716f143e2088410007957f682a203"
      }
    }
  ],
  "version" : 2
}
